// !$*UTF8*$!
{
	archiveVersion = 1;
	classes = {
	};
	objectVersion = 50;
	objects = {

/* Begin PBXBuildFile section */
		99076BD02200693300DCDB48 /* ClassListViewController.swift in Sources */ = {isa = PBXBuildFile; fileRef = 99076BCF2200693300DCDB48 /* ClassListViewController.swift */; };
		99076BD22200697C00DCDB48 /* ClassListTableViewCell.swift in Sources */ = {isa = PBXBuildFile; fileRef = 99076BD12200697C00DCDB48 /* ClassListTableViewCell.swift */; };
		99076BD522006C2700DCDB48 /* LectureMaterialListTableViewCell.swift in Sources */ = {isa = PBXBuildFile; fileRef = 99076BD422006C2700DCDB48 /* LectureMaterialListTableViewCell.swift */; };
		99076BD722006C4800DCDB48 /* LectureMaterialListViewController.swift in Sources */ = {isa = PBXBuildFile; fileRef = 99076BD622006C4800DCDB48 /* LectureMaterialListViewController.swift */; };
		99076BD922006C9700DCDB48 /* NoticeListViewController.swift in Sources */ = {isa = PBXBuildFile; fileRef = 99076BD822006C9700DCDB48 /* NoticeListViewController.swift */; };
		99076BDB22006CAD00DCDB48 /* NoticeListTableViewCell.swift in Sources */ = {isa = PBXBuildFile; fileRef = 99076BDA22006CAD00DCDB48 /* NoticeListTableViewCell.swift */; };
		99076BDD22006CC900DCDB48 /* AssignmentsListTableViewCell.swift in Sources */ = {isa = PBXBuildFile; fileRef = 99076BDC22006CC900DCDB48 /* AssignmentsListTableViewCell.swift */; };
		99076BDF22006CF400DCDB48 /* AssignmentsListViewController.swift in Sources */ = {isa = PBXBuildFile; fileRef = 99076BDE22006CF400DCDB48 /* AssignmentsListViewController.swift */; };
		990EDBDF220EBFBB00B1F872 /* LectureResponse.swift in Sources */ = {isa = PBXBuildFile; fileRef = 990EDBDE220EBFBB00B1F872 /* LectureResponse.swift */; };
		990EDBE1220EBFC900B1F872 /* LectureDetailResponse.swift in Sources */ = {isa = PBXBuildFile; fileRef = 990EDBE0220EBFC900B1F872 /* LectureDetailResponse.swift */; };
		990F12F3220DA07B002AE178 /* LoginResponse.swift in Sources */ = {isa = PBXBuildFile; fileRef = 990F12F2220DA07B002AE178 /* LoginResponse.swift */; };
		990F12F5220DA106002AE178 /* SubjectListResponse.swift in Sources */ = {isa = PBXBuildFile; fileRef = 990F12F4220DA106002AE178 /* SubjectListResponse.swift */; };
		990F12F7220DA138002AE178 /* NoticeResponse.swift in Sources */ = {isa = PBXBuildFile; fileRef = 990F12F6220DA138002AE178 /* NoticeResponse.swift */; };
		990F12F9220DA145002AE178 /* NoticeDetailResponse.swift in Sources */ = {isa = PBXBuildFile; fileRef = 990F12F8220DA145002AE178 /* NoticeDetailResponse.swift */; };
		9912775E2200527200F3AC16 /* AppDelegate.swift in Sources */ = {isa = PBXBuildFile; fileRef = 9912775D2200527200F3AC16 /* AppDelegate.swift */; };
		991277602200527200F3AC16 /* LoginViewController.swift in Sources */ = {isa = PBXBuildFile; fileRef = 9912775F2200527200F3AC16 /* LoginViewController.swift */; };
		991277632200527200F3AC16 /* Main.storyboard in Resources */ = {isa = PBXBuildFile; fileRef = 991277612200527200F3AC16 /* Main.storyboard */; };
		991277662200527200F3AC16 /* SWUTotalInfoSystem.xcdatamodeld in Sources */ = {isa = PBXBuildFile; fileRef = 991277642200527200F3AC16 /* SWUTotalInfoSystem.xcdatamodeld */; };
		991277682200527500F3AC16 /* Assets.xcassets in Resources */ = {isa = PBXBuildFile; fileRef = 991277672200527500F3AC16 /* Assets.xcassets */; };
		9912776B2200527500F3AC16 /* LaunchScreen.storyboard in Resources */ = {isa = PBXBuildFile; fileRef = 991277692200527500F3AC16 /* LaunchScreen.storyboard */; };
/* End PBXBuildFile section */

/* Begin PBXFileReference section */
		99076BCF2200693300DCDB48 /* ClassListViewController.swift */ = {isa = PBXFileReference; lastKnownFileType = sourcecode.swift; path = ClassListViewController.swift; sourceTree = "<group>"; };
		99076BD12200697C00DCDB48 /* ClassListTableViewCell.swift */ = {isa = PBXFileReference; lastKnownFileType = sourcecode.swift; path = ClassListTableViewCell.swift; sourceTree = "<group>"; };
		99076BD422006C2700DCDB48 /* LectureMaterialListTableViewCell.swift */ = {isa = PBXFileReference; lastKnownFileType = sourcecode.swift; path = LectureMaterialListTableViewCell.swift; sourceTree = "<group>"; };
		99076BD622006C4800DCDB48 /* LectureMaterialListViewController.swift */ = {isa = PBXFileReference; lastKnownFileType = sourcecode.swift; path = LectureMaterialListViewController.swift; sourceTree = "<group>"; };
		99076BD822006C9700DCDB48 /* NoticeListViewController.swift */ = {isa = PBXFileReference; lastKnownFileType = sourcecode.swift; path = NoticeListViewController.swift; sourceTree = "<group>"; };
		99076BDA22006CAD00DCDB48 /* NoticeListTableViewCell.swift */ = {isa = PBXFileReference; lastKnownFileType = sourcecode.swift; path = NoticeListTableViewCell.swift; sourceTree = "<group>"; };
		99076BDC22006CC900DCDB48 /* AssignmentsListTableViewCell.swift */ = {isa = PBXFileReference; lastKnownFileType = sourcecode.swift; path = AssignmentsListTableViewCell.swift; sourceTree = "<group>"; };
		99076BDE22006CF400DCDB48 /* AssignmentsListViewController.swift */ = {isa = PBXFileReference; lastKnownFileType = sourcecode.swift; path = AssignmentsListViewController.swift; sourceTree = "<group>"; };
		990EDBDE220EBFBB00B1F872 /* LectureResponse.swift */ = {isa = PBXFileReference; lastKnownFileType = sourcecode.swift; path = LectureResponse.swift; sourceTree = "<group>"; };
		990EDBE0220EBFC900B1F872 /* LectureDetailResponse.swift */ = {isa = PBXFileReference; lastKnownFileType = sourcecode.swift; path = LectureDetailResponse.swift; sourceTree = "<group>"; };
		990F12F2220DA07B002AE178 /* LoginResponse.swift */ = {isa = PBXFileReference; lastKnownFileType = sourcecode.swift; path = LoginResponse.swift; sourceTree = "<group>"; };
		990F12F4220DA106002AE178 /* SubjectListResponse.swift */ = {isa = PBXFileReference; lastKnownFileType = sourcecode.swift; path = SubjectListResponse.swift; sourceTree = "<group>"; };
		990F12F6220DA138002AE178 /* NoticeResponse.swift */ = {isa = PBXFileReference; lastKnownFileType = sourcecode.swift; path = NoticeResponse.swift; sourceTree = "<group>"; };
		990F12F8220DA145002AE178 /* NoticeDetailResponse.swift */ = {isa = PBXFileReference; lastKnownFileType = sourcecode.swift; path = NoticeDetailResponse.swift; sourceTree = "<group>"; };
		9912775A2200527200F3AC16 /* SWUTotalInfoSystem.app */ = {isa = PBXFileReference; explicitFileType = wrapper.application; includeInIndex = 0; path = SWUTotalInfoSystem.app; sourceTree = BUILT_PRODUCTS_DIR; };
		9912775D2200527200F3AC16 /* AppDelegate.swift */ = {isa = PBXFileReference; lastKnownFileType = sourcecode.swift; path = AppDelegate.swift; sourceTree = "<group>"; };
		9912775F2200527200F3AC16 /* LoginViewController.swift */ = {isa = PBXFileReference; lastKnownFileType = sourcecode.swift; path = LoginViewController.swift; sourceTree = "<group>"; };
		991277622200527200F3AC16 /* Base */ = {isa = PBXFileReference; lastKnownFileType = file.storyboard; name = Base; path = Base.lproj/Main.storyboard; sourceTree = "<group>"; };
		991277652200527200F3AC16 /* SWUTotalInfoSystem.xcdatamodel */ = {isa = PBXFileReference; lastKnownFileType = wrapper.xcdatamodel; path = SWUTotalInfoSystem.xcdatamodel; sourceTree = "<group>"; };
		991277672200527500F3AC16 /* Assets.xcassets */ = {isa = PBXFileReference; lastKnownFileType = folder.assetcatalog; path = Assets.xcassets; sourceTree = "<group>"; };
		9912776A2200527500F3AC16 /* Base */ = {isa = PBXFileReference; lastKnownFileType = file.storyboard; name = Base; path = Base.lproj/LaunchScreen.storyboard; sourceTree = "<group>"; };
		9912776C2200527500F3AC16 /* Info.plist */ = {isa = PBXFileReference; lastKnownFileType = text.plist.xml; path = Info.plist; sourceTree = "<group>"; };
/* End PBXFileReference section */

/* Begin PBXFrameworksBuildPhase section */
		991277572200527200F3AC16 /* Frameworks */ = {
			isa = PBXFrameworksBuildPhase;
			buildActionMask = 2147483647;
			files = (
			);
			runOnlyForDeploymentPostprocessing = 0;
		};
/* End PBXFrameworksBuildPhase section */

/* Begin PBXGroup section */
		99076BD32200698600DCDB48 /* TableViewCell */ = {
			isa = PBXGroup;
			children = (
				99076BD12200697C00DCDB48 /* ClassListTableViewCell.swift */,
				99076BD422006C2700DCDB48 /* LectureMaterialListTableViewCell.swift */,
				99076BDA22006CAD00DCDB48 /* NoticeListTableViewCell.swift */,
				99076BDC22006CC900DCDB48 /* AssignmentsListTableViewCell.swift */,
			);
			path = TableViewCell;
			sourceTree = "<group>";
		};
		990F12EF220DA028002AE178 /* Model */ = {
			isa = PBXGroup;
			children = (
				990F12F2220DA07B002AE178 /* LoginResponse.swift */,
				990F12F4220DA106002AE178 /* SubjectListResponse.swift */,
				990F12F6220DA138002AE178 /* NoticeResponse.swift */,
				990F12F8220DA145002AE178 /* NoticeDetailResponse.swift */,
				990EDBDE220EBFBB00B1F872 /* LectureResponse.swift */,
				990EDBE0220EBFC900B1F872 /* LectureDetailResponse.swift */,
			);
			path = Model;
			sourceTree = "<group>";
		};
		991277512200527200F3AC16 = {
			isa = PBXGroup;
			children = (
				9912775C2200527200F3AC16 /* SWUTotalInfoSystem */,
				9912775B2200527200F3AC16 /* Products */,
			);
			sourceTree = "<group>";
		};
		9912775B2200527200F3AC16 /* Products */ = {
			isa = PBXGroup;
			children = (
				9912775A2200527200F3AC16 /* SWUTotalInfoSystem.app */,
			);
			name = Products;
			sourceTree = "<group>";
		};
		9912775C2200527200F3AC16 /* SWUTotalInfoSystem */ = {
			isa = PBXGroup;
			children = (
				990F12EF220DA028002AE178 /* Model */,
				9912775D2200527200F3AC16 /* AppDelegate.swift */,
				9912775F2200527200F3AC16 /* LoginViewController.swift */,
				99076BCF2200693300DCDB48 /* ClassListViewController.swift */,
				99076BD622006C4800DCDB48 /* LectureMaterialListViewController.swift */,
				99076BD822006C9700DCDB48 /* NoticeListViewController.swift */,
				99076BDE22006CF400DCDB48 /* AssignmentsListViewController.swift */,
				99076BD32200698600DCDB48 /* TableViewCell */,
				991277612200527200F3AC16 /* Main.storyboard */,
				991277672200527500F3AC16 /* Assets.xcassets */,
				991277692200527500F3AC16 /* LaunchScreen.storyboard */,
				9912776C2200527500F3AC16 /* Info.plist */,
				991277642200527200F3AC16 /* SWUTotalInfoSystem.xcdatamodeld */,
			);
			path = SWUTotalInfoSystem;
			sourceTree = "<group>";
		};
/* End PBXGroup section */

/* Begin PBXNativeTarget section */
		991277592200527200F3AC16 /* SWUTotalInfoSystem */ = {
			isa = PBXNativeTarget;
			buildConfigurationList = 9912776F2200527500F3AC16 /* Build configuration list for PBXNativeTarget "SWUTotalInfoSystem" */;
			buildPhases = (
				991277562200527200F3AC16 /* Sources */,
				991277572200527200F3AC16 /* Frameworks */,
				991277582200527200F3AC16 /* Resources */,
			);
			buildRules = (
			);
			dependencies = (
			);
			name = SWUTotalInfoSystem;
			productName = SWUTotalInfoSystem;
			productReference = 9912775A2200527200F3AC16 /* SWUTotalInfoSystem.app */;
			productType = "com.apple.product-type.application";
		};
/* End PBXNativeTarget section */

/* Begin PBXProject section */
		991277522200527200F3AC16 /* Project object */ = {
			isa = PBXProject;
			attributes = {
				LastSwiftUpdateCheck = 1010;
				LastUpgradeCheck = 1010;
				ORGANIZATIONNAME = "박주현";
				TargetAttributes = {
					991277592200527200F3AC16 = {
						CreatedOnToolsVersion = 10.1;
					};
				};
			};
			buildConfigurationList = 991277552200527200F3AC16 /* Build configuration list for PBXProject "SWUTotalInfoSystem" */;
			compatibilityVersion = "Xcode 9.3";
			developmentRegion = en;
			hasScannedForEncodings = 0;
			knownRegions = (
				en,
				Base,
			);
			mainGroup = 991277512200527200F3AC16;
			productRefGroup = 9912775B2200527200F3AC16 /* Products */;
			projectDirPath = "";
			projectRoot = "";
			targets = (
				991277592200527200F3AC16 /* SWUTotalInfoSystem */,
			);
		};
/* End PBXProject section */

/* Begin PBXResourcesBuildPhase section */
		991277582200527200F3AC16 /* Resources */ = {
			isa = PBXResourcesBuildPhase;
			buildActionMask = 2147483647;
			files = (
				9912776B2200527500F3AC16 /* LaunchScreen.storyboard in Resources */,
				991277682200527500F3AC16 /* Assets.xcassets in Resources */,
				991277632200527200F3AC16 /* Main.storyboard in Resources */,
			);
			runOnlyForDeploymentPostprocessing = 0;
		};
/* End PBXResourcesBuildPhase section */

/* Begin PBXSourcesBuildPhase section */
		991277562200527200F3AC16 /* Sources */ = {
			isa = PBXSourcesBuildPhase;
			buildActionMask = 2147483647;
			files = (
				99076BDF22006CF400DCDB48 /* AssignmentsListViewController.swift in Sources */,
				990F12F3220DA07B002AE178 /* LoginResponse.swift in Sources */,
				991277602200527200F3AC16 /* LoginViewController.swift in Sources */,
				990EDBDF220EBFBB00B1F872 /* LectureResponse.swift in Sources */,
				99076BDB22006CAD00DCDB48 /* NoticeListTableViewCell.swift in Sources */,
				99076BDD22006CC900DCDB48 /* AssignmentsListTableViewCell.swift in Sources */,
				990F12F9220DA145002AE178 /* NoticeDetailResponse.swift in Sources */,
				99076BD22200697C00DCDB48 /* ClassListTableViewCell.swift in Sources */,
				99076BD02200693300DCDB48 /* ClassListViewController.swift in Sources */,
				99076BD522006C2700DCDB48 /* LectureMaterialListTableViewCell.swift in Sources */,
				991277662200527200F3AC16 /* SWUTotalInfoSystem.xcdatamodeld in Sources */,
				990F12F7220DA138002AE178 /* NoticeResponse.swift in Sources */,
				990F12F5220DA106002AE178 /* SubjectListResponse.swift in Sources */,
				99076BD722006C4800DCDB48 /* LectureMaterialListViewController.swift in Sources */,
				99076BD922006C9700DCDB48 /* NoticeListViewController.swift in Sources */,
				990EDBE1220EBFC900B1F872 /* LectureDetailResponse.swift in Sources */,
				9912775E2200527200F3AC16 /* AppDelegate.swift in Sources */,
			);
			runOnlyForDeploymentPostprocessing = 0;
		};
/* End PBXSourcesBuildPhase section */

/* Begin PBXVariantGroup section */
		991277612200527200F3AC16 /* Main.storyboard */ = {
			isa = PBXVariantGroup;
			children = (
				991277622200527200F3AC16 /* Base */,
			);
			name = Main.storyboard;
			sourceTree = "<group>";
		};
		991277692200527500F3AC16 /* LaunchScreen.storyboard */ = {
			isa = PBXVariantGroup;
			children = (
				9912776A2200527500F3AC16 /* Base */,
			);
			name = LaunchScreen.storyboard;
			sourceTree = "<group>";
		};
/* End PBXVariantGroup section */

/* Begin XCBuildConfiguration section */
		9912776D2200527500F3AC16 /* Debug */ = {
			isa = XCBuildConfiguration;
			buildSettings = {
				ALWAYS_SEARCH_USER_PATHS = NO;
				CLANG_ANALYZER_NONNULL = YES;
				CLANG_ANALYZER_NUMBER_OBJECT_CONVERSION = YES_AGGRESSIVE;
				CLANG_CXX_LANGUAGE_STANDARD = "gnu++14";
				CLANG_CXX_LIBRARY = "libc++";
				CLANG_ENABLE_MODULES = YES;
				CLANG_ENABLE_OBJC_ARC = YES;
				CLANG_ENABLE_OBJC_WEAK = YES;
				CLANG_WARN_BLOCK_CAPTURE_AUTORELEASING = YES;
				CLANG_WARN_BOOL_CONVERSION = YES;
				CLANG_WARN_COMMA = YES;
				CLANG_WARN_CONSTANT_CONVERSION = YES;
				CLANG_WARN_DEPRECATED_OBJC_IMPLEMENTATIONS = YES;
				CLANG_WARN_DIRECT_OBJC_ISA_USAGE = YES_ERROR;
				CLANG_WARN_DOCUMENTATION_COMMENTS = YES;
				CLANG_WARN_EMPTY_BODY = YES;
				CLANG_WARN_ENUM_CONVERSION = YES;
				CLANG_WARN_INFINITE_RECURSION = YES;
				CLANG_WARN_INT_CONVERSION = YES;
				CLANG_WARN_NON_LITERAL_NULL_CONVERSION = YES;
				CLANG_WARN_OBJC_IMPLICIT_RETAIN_SELF = YES;
				CLANG_WARN_OBJC_LITERAL_CONVERSION = YES;
				CLANG_WARN_OBJC_ROOT_CLASS = YES_ERROR;
				CLANG_WARN_RANGE_LOOP_ANALYSIS = YES;
				CLANG_WARN_STRICT_PROTOTYPES = YES;
				CLANG_WARN_SUSPICIOUS_MOVE = YES;
				CLANG_WARN_UNGUARDED_AVAILABILITY = YES_AGGRESSIVE;
				CLANG_WARN_UNREACHABLE_CODE = YES;
				CLANG_WARN__DUPLICATE_METHOD_MATCH = YES;
				CODE_SIGN_IDENTITY = "iPhone Developer";
				COPY_PHASE_STRIP = NO;
				DEBUG_INFORMATION_FORMAT = dwarf;
				ENABLE_STRICT_OBJC_MSGSEND = YES;
				ENABLE_TESTABILITY = YES;
				GCC_C_LANGUAGE_STANDARD = gnu11;
				GCC_DYNAMIC_NO_PIC = NO;
				GCC_NO_COMMON_BLOCKS = YES;
				GCC_OPTIMIZATION_LEVEL = 0;
				GCC_PREPROCESSOR_DEFINITIONS = (
					"DEBUG=1",
					"$(inherited)",
				);
				GCC_WARN_64_TO_32_BIT_CONVERSION = YES;
				GCC_WARN_ABOUT_RETURN_TYPE = YES_ERROR;
				GCC_WARN_UNDECLARED_SELECTOR = YES;
				GCC_WARN_UNINITIALIZED_AUTOS = YES_AGGRESSIVE;
				GCC_WARN_UNUSED_FUNCTION = YES;
				GCC_WARN_UNUSED_VARIABLE = YES;
				IPHONEOS_DEPLOYMENT_TARGET = 12.1;
				MTL_ENABLE_DEBUG_INFO = INCLUDE_SOURCE;
				MTL_FAST_MATH = YES;
				ONLY_ACTIVE_ARCH = YES;
				SDKROOT = iphoneos;
				SWIFT_ACTIVE_COMPILATION_CONDITIONS = DEBUG;
				SWIFT_OPTIMIZATION_LEVEL = "-Onone";
			};
			name = Debug;
		};
		9912776E2200527500F3AC16 /* Release */ = {
			isa = XCBuildConfiguration;
			buildSettings = {
				ALWAYS_SEARCH_USER_PATHS = NO;
				CLANG_ANALYZER_NONNULL = YES;
				CLANG_ANALYZER_NUMBER_OBJECT_CONVERSION = YES_AGGRESSIVE;
				CLANG_CXX_LANGUAGE_STANDARD = "gnu++14";
				CLANG_CXX_LIBRARY = "libc++";
				CLANG_ENABLE_MODULES = YES;
				CLANG_ENABLE_OBJC_ARC = YES;
				CLANG_ENABLE_OBJC_WEAK = YES;
				CLANG_WARN_BLOCK_CAPTURE_AUTORELEASING = YES;
				CLANG_WARN_BOOL_CONVERSION = YES;
				CLANG_WARN_COMMA = YES;
				CLANG_WARN_CONSTANT_CONVERSION = YES;
				CLANG_WARN_DEPRECATED_OBJC_IMPLEMENTATIONS = YES;
				CLANG_WARN_DIRECT_OBJC_ISA_USAGE = YES_ERROR;
				CLANG_WARN_DOCUMENTATION_COMMENTS = YES;
				CLANG_WARN_EMPTY_BODY = YES;
				CLANG_WARN_ENUM_CONVERSION = YES;
				CLANG_WARN_INFINITE_RECURSION = YES;
				CLANG_WARN_INT_CONVERSION = YES;
				CLANG_WARN_NON_LITERAL_NULL_CONVERSION = YES;
				CLANG_WARN_OBJC_IMPLICIT_RETAIN_SELF = YES;
				CLANG_WARN_OBJC_LITERAL_CONVERSION = YES;
				CLANG_WARN_OBJC_ROOT_CLASS = YES_ERROR;
				CLANG_WARN_RANGE_LOOP_ANALYSIS = YES;
				CLANG_WARN_STRICT_PROTOTYPES = YES;
				CLANG_WARN_SUSPICIOUS_MOVE = YES;
				CLANG_WARN_UNGUARDED_AVAILABILITY = YES_AGGRESSIVE;
				CLANG_WARN_UNREACHABLE_CODE = YES;
				CLANG_WARN__DUPLICATE_METHOD_MATCH = YES;
				CODE_SIGN_IDENTITY = "iPhone Developer";
				COPY_PHASE_STRIP = NO;
				DEBUG_INFORMATION_FORMAT = "dwarf-with-dsym";
				ENABLE_NS_ASSERTIONS = NO;
				ENABLE_STRICT_OBJC_MSGSEND = YES;
				GCC_C_LANGUAGE_STANDARD = gnu11;
				GCC_NO_COMMON_BLOCKS = YES;
				GCC_WARN_64_TO_32_BIT_CONVERSION = YES;
				GCC_WARN_ABOUT_RETURN_TYPE = YES_ERROR;
				GCC_WARN_UNDECLARED_SELECTOR = YES;
				GCC_WARN_UNINITIALIZED_AUTOS = YES_AGGRESSIVE;
				GCC_WARN_UNUSED_FUNCTION = YES;
				GCC_WARN_UNUSED_VARIABLE = YES;
				IPHONEOS_DEPLOYMENT_TARGET = 12.1;
				MTL_ENABLE_DEBUG_INFO = NO;
				MTL_FAST_MATH = YES;
				SDKROOT = iphoneos;
				SWIFT_COMPILATION_MODE = wholemodule;
				SWIFT_OPTIMIZATION_LEVEL = "-O";
				VALIDATE_PRODUCT = YES;
			};
			name = Release;
		};
		991277702200527500F3AC16 /* Debug */ = {
			isa = XCBuildConfiguration;
			buildSettings = {
				ASSETCATALOG_COMPILER_APPICON_NAME = AppIcon;
				CODE_SIGN_STYLE = Automatic;
				DEVELOPMENT_TEAM = BDM6UDD9TX;
				INFOPLIST_FILE = SWUTotalInfoSystem/Info.plist;
				LD_RUNPATH_SEARCH_PATHS = (
					"$(inherited)",
					"@executable_path/Frameworks",
				);
				PRODUCT_BUNDLE_IDENTIFIER = swu.ac.kr.SWUTotalInfoSystem;
				PRODUCT_NAME = "$(TARGET_NAME)";
				SWIFT_VERSION = 4.2;
				TARGETED_DEVICE_FAMILY = "1,2";
			};
			name = Debug;
		};
		991277712200527500F3AC16 /* Release */ = {
			isa = XCBuildConfiguration;
			buildSettings = {
				ASSETCATALOG_COMPILER_APPICON_NAME = AppIcon;
				CODE_SIGN_STYLE = Automatic;
				DEVELOPMENT_TEAM = BDM6UDD9TX;
				INFOPLIST_FILE = SWUTotalInfoSystem/Info.plist;
				LD_RUNPATH_SEARCH_PATHS = (
					"$(inherited)",
					"@executable_path/Frameworks",
				);
				PRODUCT_BUNDLE_IDENTIFIER = swu.ac.kr.SWUTotalInfoSystem;
				PRODUCT_NAME = "$(TARGET_NAME)";
				SWIFT_VERSION = 4.2;
				TARGETED_DEVICE_FAMILY = "1,2";
			};
			name = Release;
		};
/* End XCBuildConfiguration section */

/* Begin XCConfigurationList section */
		991277552200527200F3AC16 /* Build configuration list for PBXProject "SWUTotalInfoSystem" */ = {
			isa = XCConfigurationList;
			buildConfigurations = (
				9912776D2200527500F3AC16 /* Debug */,
				9912776E2200527500F3AC16 /* Release */,
			);
			defaultConfigurationIsVisible = 0;
			defaultConfigurationName = Release;
		};
		9912776F2200527500F3AC16 /* Build configuration list for PBXNativeTarget "SWUTotalInfoSystem" */ = {
			isa = XCConfigurationList;
			buildConfigurations = (
				991277702200527500F3AC16 /* Debug */,
				991277712200527500F3AC16 /* Release */,
			);
			defaultConfigurationIsVisible = 0;
			defaultConfigurationName = Release;
		};
/* End XCConfigurationList section */

/* Begin XCVersionGroup section */
		991277642200527200F3AC16 /* SWUTotalInfoSystem.xcdatamodeld */ = {
			isa = XCVersionGroup;
			children = (
				991277652200527200F3AC16 /* SWUTotalInfoSystem.xcdatamodel */,
			);
			currentVersion = 991277652200527200F3AC16 /* SWUTotalInfoSystem.xcdatamodel */;
			path = SWUTotalInfoSystem.xcdatamodeld;
			sourceTree = "<group>";
			versionGroupType = wrapper.xcdatamodel;
		};
/* End XCVersionGroup section */
	};
	rootObject = 991277522200527200F3AC16 /* Project object */;
}
